
Microsoft Visual Studio Solution File, Format Version 12.00
# Visual Studio Version 17
VisualStudioVersion = 17.0.31903.59
MinimumVisualStudioVersion = 10.0.40219.1
Project("{FAE04EC0-301F-11D3-BF4B-00C04F79EFBC}") = "API", "API\API.csproj", "{69BB8CC3-CF87-43F5-B293-82DC1A7EB730}"
EndProject
Project("{FAE04EC0-301F-11D3-BF4B-00C04F79EFBC}") = "Application", "Application\Application.csproj", "{F1EA6255-602D-4998-B81C-DC8525D794FC}"
EndProject
Project("{FAE04EC0-301F-11D3-BF4B-00C04F79EFBC}") = "Domain", "Domain\Domain.csproj", "{651B75DC-AE84-402D-948B-9D278C9648A1}"
EndProject
Project("{FAE04EC0-301F-11D3-BF4B-00C04F79EFBC}") = "Persistence", "Persistence\Persistence.csproj", "{8420B9CE-1CF0-44C2-8B4B-7F8085BE31BC}"
EndProject
Global
	GlobalSection(SolutionConfigurationPlatforms) = preSolution
		Debug|Any CPU = Debug|Any CPU
		Release|Any CPU = Release|Any CPU
	EndGlobalSection
	GlobalSection(SolutionProperties) = preSolution
		HideSolutionNode = FALSE
	EndGlobalSection
	GlobalSection(ProjectConfigurationPlatforms) = postSolution
		{69BB8CC3-CF87-43F5-B293-82DC1A7EB730}.Debug|Any CPU.ActiveCfg = Debug|Any CPU
		{69BB8CC3-CF87-43F5-B293-82DC1A7EB730}.Debug|Any CPU.Build.0 = Debug|Any CPU
		{69BB8CC3-CF87-43F5-B293-82DC1A7EB730}.Release|Any CPU.ActiveCfg = Release|Any CPU
		{69BB8CC3-CF87-43F5-B293-82DC1A7EB730}.Release|Any CPU.Build.0 = Release|Any CPU
		{F1EA6255-602D-4998-B81C-DC8525D794FC}.Debug|Any CPU.ActiveCfg = Debug|Any CPU
		{F1EA6255-602D-4998-B81C-DC8525D794FC}.Debug|Any CPU.Build.0 = Debug|Any CPU
		{F1EA6255-602D-4998-B81C-DC8525D794FC}.Release|Any CPU.ActiveCfg = Release|Any CPU
		{F1EA6255-602D-4998-B81C-DC8525D794FC}.Release|Any CPU.Build.0 = Release|Any CPU
		{651B75DC-AE84-402D-948B-9D278C9648A1}.Debug|Any CPU.ActiveCfg = Debug|Any CPU
		{651B75DC-AE84-402D-948B-9D278C9648A1}.Debug|Any CPU.Build.0 = Debug|Any CPU
		{651B75DC-AE84-402D-948B-9D278C9648A1}.Release|Any CPU.ActiveCfg = Release|Any CPU
		{651B75DC-AE84-402D-948B-9D278C9648A1}.Release|Any CPU.Build.0 = Release|Any CPU
		{8420B9CE-1CF0-44C2-8B4B-7F8085BE31BC}.Debug|Any CPU.ActiveCfg = Debug|Any CPU
		{8420B9CE-1CF0-44C2-8B4B-7F8085BE31BC}.Debug|Any CPU.Build.0 = Debug|Any CPU
		{8420B9CE-1CF0-44C2-8B4B-7F8085BE31BC}.Release|Any CPU.ActiveCfg = Release|Any CPU
		{8420B9CE-1CF0-44C2-8B4B-7F8085BE31BC}.Release|Any CPU.Build.0 = Release|Any CPU
	EndGlobalSection
EndGlobal
